
Microsoft Visual Studio Solution File, Format Version 12.00
# Visual Studio Version 17
VisualStudioVersion = 17.8.34525.116
MinimumVisualStudioVersion = 10.0.40219.1
Project("{FAE04EC0-301F-11D3-BF4B-00C04F79EFBC}") = "MyIdentityApp.Web", "MyIdentityApp.Web\MyIdentityApp.Web.csproj", "{F15C856C-CC5D-4E50-BF7A-B0DEA92D0F7E}"
EndProject
Global
	GlobalSection(SolutionConfigurationPlatforms) = preSolution
		Debug|Any CPU = Debug|Any CPU
		Release|Any CPU = Release|Any CPU
	EndGlobalSection
	GlobalSection(ProjectConfigurationPlatforms) = postSolution
		{F15C856C-CC5D-4E50-BF7A-B0DEA92D0F7E}.Debug|Any CPU.ActiveCfg = Debug|Any CPU
		{F15C856C-CC5D-4E50-BF7A-B0DEA92D0F7E}.Debug|Any CPU.Build.0 = Debug|Any CPU
		{F15C856C-CC5D-4E50-BF7A-B0DEA92D0F7E}.Release|Any CPU.ActiveCfg = Release|Any CPU
		{F15C856C-CC5D-4E50-BF7A-B0DEA92D0F7E}.Release|Any CPU.Build.0 = Release|Any CPU
	EndGlobalSection
	GlobalSection(SolutionProperties) = preSolution
		HideSolutionNode = FALSE
	EndGlobalSection
	GlobalSection(ExtensibilityGlobals) = postSolution
		SolutionGuid = {5A7B5016-DFF6-4933-BE7D-E1C1D17968ED}
	EndGlobalSection
EndGlobal
